// !$*UTF8*$!
{
	archiveVersion = 1;
	classes = {
	};
	objectVersion = 46;
	objects = {

/* Begin PBXBuildFile section */
		763382201C1E00E100A8DE61 /* AppDelegate.swift in Sources */ = {isa = PBXBuildFile; fileRef = 7633821F1C1E00E100A8DE61 /* AppDelegate.swift */; };
		763382221C1E00E100A8DE61 /* ViewController.swift in Sources */ = {isa = PBXBuildFile; fileRef = 763382211C1E00E100A8DE61 /* ViewController.swift */; };
		763382251C1E00E100A8DE61 /* Main.storyboard in Resources */ = {isa = PBXBuildFile; fileRef = 763382231C1E00E100A8DE61 /* Main.storyboard */; };
		763382271C1E00E100A8DE61 /* Assets.xcassets in Resources */ = {isa = PBXBuildFile; fileRef = 763382261C1E00E100A8DE61 /* Assets.xcassets */; };
		7633822A1C1E00E100A8DE61 /* LaunchScreen.storyboard in Resources */ = {isa = PBXBuildFile; fileRef = 763382281C1E00E100A8DE61 /* LaunchScreen.storyboard */; };
		763382351C1E00E200A8DE61 /* TipCalculatorTests.swift in Sources */ = {isa = PBXBuildFile; fileRef = 763382341C1E00E200A8DE61 /* TipCalculatorTests.swift */; };
		763382401C1E00E200A8DE61 /* TipCalculatorUITests.swift in Sources */ = {isa = PBXBuildFile; fileRef = 7633823F1C1E00E200A8DE61 /* TipCalculatorUITests.swift */; };
		7633824E1C1E358200A8DE61 /* SettingsViewController.swift in Sources */ = {isa = PBXBuildFile; fileRef = 7633824D1C1E358200A8DE61 /* SettingsViewController.swift */; };
		7654CF701C20FFD60072C3B5 /* fat_pusheen.gif in Resources */ = {isa = PBXBuildFile; fileRef = 7654CF6F1C20FFD60072C3B5 /* fat_pusheen.gif */; };
		7654CF721C20FFE30072C3B5 /* pusheen_angry.jpg in Resources */ = {isa = PBXBuildFile; fileRef = 7654CF711C20FFE30072C3B5 /* pusheen_angry.jpg */; };
		7654CF741C20FFEB0072C3B5 /* pusheen_angry_gif.gif in Resources */ = {isa = PBXBuildFile; fileRef = 7654CF731C20FFEB0072C3B5 /* pusheen_angry_gif.gif */; };
		7654CF761C21005E0072C3B5 /* Pusheen_content_gif.gif in Resources */ = {isa = PBXBuildFile; fileRef = 7654CF751C21005E0072C3B5 /* Pusheen_content_gif.gif */; };
		7654CF781C21006B0072C3B5 /* pusheen_happy.jpg in Resources */ = {isa = PBXBuildFile; fileRef = 7654CF771C21006B0072C3B5 /* pusheen_happy.jpg */; };
		7654CF7A1C2100730072C3B5 /* pusheen_happy_gif.gif in Resources */ = {isa = PBXBuildFile; fileRef = 7654CF791C2100730072C3B5 /* pusheen_happy_gif.gif */; };
		767257E21C3084F200DFD865 /* AnimatedGIFImageSerialization.m in Sources */ = {isa = PBXBuildFile; fileRef = 767257E11C3084F200DFD865 /* AnimatedGIFImageSerialization.m */; };
		769C867F1C1FCA2000B7EBD1 /* caticon.png in Resources */ = {isa = PBXBuildFile; fileRef = 769C867E1C1FCA2000B7EBD1 /* caticon.png */; };
		769C86811C1FD13300B7EBD1 /* alright_service.png in Resources */ = {isa = PBXBuildFile; fileRef = 769C86801C1FD13300B7EBD1 /* alright_service.png */; };
		769C86831C1FD14200B7EBD1 /* good_service.png in Resources */ = {isa = PBXBuildFile; fileRef = 769C86821C1FD14200B7EBD1 /* good_service.png */; };
		769C86851C1FD15000B7EBD1 /* excellent_service.png in Resources */ = {isa = PBXBuildFile; fileRef = 769C86841C1FD15000B7EBD1 /* excellent_service.png */; };
/* End PBXBuildFile section */

/* Begin PBXContainerItemProxy section */
		763382311C1E00E200A8DE61 /* PBXContainerItemProxy */ = {
			isa = PBXContainerItemProxy;
			containerPortal = 763382141C1E00E100A8DE61 /* Project object */;
			proxyType = 1;
			remoteGlobalIDString = 7633821B1C1E00E100A8DE61;
			remoteInfo = TipCalculator;
		};
		7633823C1C1E00E200A8DE61 /* PBXContainerItemProxy */ = {
			isa = PBXContainerItemProxy;
			containerPortal = 763382141C1E00E100A8DE61 /* Project object */;
			proxyType = 1;
			remoteGlobalIDString = 7633821B1C1E00E100A8DE61;
			remoteInfo = TipCalculator;
		};
/* End PBXContainerItemProxy section */

/* Begin PBXFileReference section */
		7633821C1C1E00E100A8DE61 /* TipCalculator.app */ = {isa = PBXFileReference; explicitFileType = wrapper.application; includeInIndex = 0; path = TipCalculator.app; sourceTree = BUILT_PRODUCTS_DIR; };
		7633821F1C1E00E100A8DE61 /* AppDelegate.swift */ = {isa = PBXFileReference; lastKnownFileType = sourcecode.swift; path = AppDelegate.swift; sourceTree = "<group>"; };
		763382211C1E00E100A8DE61 /* ViewController.swift */ = {isa = PBXFileReference; lastKnownFileType = sourcecode.swift; path = ViewController.swift; sourceTree = "<group>"; };
		763382241C1E00E100A8DE61 /* Base */ = {isa = PBXFileReference; lastKnownFileType = file.storyboard; name = Base; path = Base.lproj/Main.storyboard; sourceTree = "<group>"; };
		763382261C1E00E100A8DE61 /* Assets.xcassets */ = {isa = PBXFileReference; lastKnownFileType = folder.assetcatalog; path = Assets.xcassets; sourceTree = "<group>"; };
		763382291C1E00E100A8DE61 /* Base */ = {isa = PBXFileReference; lastKnownFileType = file.storyboard; name = Base; path = Base.lproj/LaunchScreen.storyboard; sourceTree = "<group>"; };
		7633822B1C1E00E100A8DE61 /* Info.plist */ = {isa = PBXFileReference; lastKnownFileType = text.plist.xml; path = Info.plist; sourceTree = "<group>"; };
		763382301C1E00E200A8DE61 /* TipCalculatorTests.xctest */ = {isa = PBXFileReference; explicitFileType = wrapper.cfbundle; includeInIndex = 0; path = TipCalculatorTests.xctest; sourceTree = BUILT_PRODUCTS_DIR; };
		763382341C1E00E200A8DE61 /* TipCalculatorTests.swift */ = {isa = PBXFileReference; lastKnownFileType = sourcecode.swift; path = TipCalculatorTests.swift; sourceTree = "<group>"; };
		763382361C1E00E200A8DE61 /* Info.plist */ = {isa = PBXFileReference; lastKnownFileType = text.plist.xml; path = Info.plist; sourceTree = "<group>"; };
		7633823B1C1E00E200A8DE61 /* TipCalculatorUITests.xctest */ = {isa = PBXFileReference; explicitFileType = wrapper.cfbundle; includeInIndex = 0; path = TipCalculatorUITests.xctest; sourceTree = BUILT_PRODUCTS_DIR; };
		7633823F1C1E00E200A8DE61 /* TipCalculatorUITests.swift */ = {isa = PBXFileReference; lastKnownFileType = sourcecode.swift; path = TipCalculatorUITests.swift; sourceTree = "<group>"; };
		763382411C1E00E200A8DE61 /* Info.plist */ = {isa = PBXFileReference; lastKnownFileType = text.plist.xml; path = Info.plist; sourceTree = "<group>"; };
		7633824D1C1E358200A8DE61 /* SettingsViewController.swift */ = {isa = PBXFileReference; fileEncoding = 4; lastKnownFileType = sourcecode.swift; path = SettingsViewController.swift; sourceTree = "<group>"; };
		7654CF6F1C20FFD60072C3B5 /* fat_pusheen.gif */ = {isa = PBXFileReference; lastKnownFileType = image.gif; name = fat_pusheen.gif; path = ../../fat_pusheen.gif; sourceTree = "<group>"; };
		7654CF711C20FFE30072C3B5 /* pusheen_angry.jpg */ = {isa = PBXFileReference; lastKnownFileType = image.jpeg; name = pusheen_angry.jpg; path = ../../pusheen_angry.jpg; sourceTree = "<group>"; };
		7654CF731C20FFEB0072C3B5 /* pusheen_angry_gif.gif */ = {isa = PBXFileReference; lastKnownFileType = image.gif; name = pusheen_angry_gif.gif; path = ../../pusheen_angry_gif.gif; sourceTree = "<group>"; };
		7654CF751C21005E0072C3B5 /* Pusheen_content_gif.gif */ = {isa = PBXFileReference; lastKnownFileType = image.gif; name = Pusheen_content_gif.gif; path = ../../Pusheen_content_gif.gif; sourceTree = "<group>"; };
		7654CF771C21006B0072C3B5 /* pusheen_happy.jpg */ = {isa = PBXFileReference; lastKnownFileType = image.jpeg; name = pusheen_happy.jpg; path = ../../pusheen_happy.jpg; sourceTree = "<group>"; };
		7654CF791C2100730072C3B5 /* pusheen_happy_gif.gif */ = {isa = PBXFileReference; lastKnownFileType = image.gif; name = pusheen_happy_gif.gif; path = ../../pusheen_happy_gif.gif; sourceTree = "<group>"; };
		767257DE1C30840600DFD865 /* GifAnimation-Bridging-Header.h */ = {isa = PBXFileReference; fileEncoding = 4; lastKnownFileType = sourcecode.c.h; name = "GifAnimation-Bridging-Header.h"; path = "../../../Downloads/GifAnimation-master/GifAnimation/GifAnimation-Bridging-Header.h"; sourceTree = "<group>"; };
		767257DF1C3084F200DFD865 /* TipCalculator-Bridging-Header.h */ = {isa = PBXFileReference; lastKnownFileType = sourcecode.c.h; path = "TipCalculator-Bridging-Header.h"; sourceTree = "<group>"; };
		767257E01C3084F200DFD865 /* AnimatedGIFImageSerialization.h */ = {isa = PBXFileReference; fileEncoding = 4; lastKnownFileType = sourcecode.c.h; name = AnimatedGIFImageSerialization.h; path = "../../../Downloads/GifAnimation-master/GifAnimation/Objective-C Files/AnimatedGIFImageSerialization.h"; sourceTree = "<group>"; };
		767257E11C3084F200DFD865 /* AnimatedGIFImageSerialization.m */ = {isa = PBXFileReference; fileEncoding = 4; lastKnownFileType = sourcecode.c.objc; name = AnimatedGIFImageSerialization.m; path = "../../../Downloads/GifAnimation-master/GifAnimation/Objective-C Files/AnimatedGIFImageSerialization.m"; sourceTree = "<group>"; };
		769C867E1C1FCA2000B7EBD1 /* caticon.png */ = {isa = PBXFileReference; lastKnownFileType = image.png; name = caticon.png; path = ../../caticon.png; sourceTree = "<group>"; };
		769C86801C1FD13300B7EBD1 /* alright_service.png */ = {isa = PBXFileReference; lastKnownFileType = image.png; name = alright_service.png; path = ../../alright_service.png; sourceTree = "<group>"; };
		769C86821C1FD14200B7EBD1 /* good_service.png */ = {isa = PBXFileReference; lastKnownFileType = image.png; name = good_service.png; path = ../../good_service.png; sourceTree = "<group>"; };
		769C86841C1FD15000B7EBD1 /* excellent_service.png */ = {isa = PBXFileReference; lastKnownFileType = image.png; name = excellent_service.png; path = ../../excellent_service.png; sourceTree = "<group>"; };
/* End PBXFileReference section */

/* Begin PBXFrameworksBuildPhase section */
		763382191C1E00E100A8DE61 /* Frameworks */ = {
			isa = PBXFrameworksBuildPhase;
			buildActionMask = 2147483647;
			files = (
			);
			runOnlyForDeploymentPostprocessing = 0;
		};
		7633822D1C1E00E200A8DE61 /* Frameworks */ = {
			isa = PBXFrameworksBuildPhase;
			buildActionMask = 2147483647;
			files = (
			);
			runOnlyForDeploymentPostprocessing = 0;
		};
		763382381C1E00E200A8DE61 /* Frameworks */ = {
			isa = PBXFrameworksBuildPhase;
			buildActionMask = 2147483647;
			files = (
			);
			runOnlyForDeploymentPostprocessing = 0;
		};
/* End PBXFrameworksBuildPhase section */

/* Begin PBXGroup section */
		763382131C1E00E100A8DE61 = {
			isa = PBXGroup;
			children = (
				7633821E1C1E00E100A8DE61 /* TipCalculator */,
				763382331C1E00E200A8DE61 /* TipCalculatorTests */,
				7633823E1C1E00E200A8DE61 /* TipCalculatorUITests */,
				7633821D1C1E00E100A8DE61 /* Products */,
			);
			sourceTree = "<group>";
		};
		7633821D1C1E00E100A8DE61 /* Products */ = {
			isa = PBXGroup;
			children = (
				7633821C1C1E00E100A8DE61 /* TipCalculator.app */,
				763382301C1E00E200A8DE61 /* TipCalculatorTests.xctest */,
				7633823B1C1E00E200A8DE61 /* TipCalculatorUITests.xctest */,
			);
			name = Products;
			sourceTree = "<group>";
		};
		7633821E1C1E00E100A8DE61 /* TipCalculator */ = {
			isa = PBXGroup;
			children = (
				767257E31C3087AE00DFD865 /* Objective-C Files */,
				7633821F1C1E00E100A8DE61 /* AppDelegate.swift */,
				763382211C1E00E100A8DE61 /* ViewController.swift */,
				763382231C1E00E100A8DE61 /* Main.storyboard */,
				7654CF791C2100730072C3B5 /* pusheen_happy_gif.gif */,
				767257DE1C30840600DFD865 /* GifAnimation-Bridging-Header.h */,
				7654CF771C21006B0072C3B5 /* pusheen_happy.jpg */,
				7654CF751C21005E0072C3B5 /* Pusheen_content_gif.gif */,
				7654CF731C20FFEB0072C3B5 /* pusheen_angry_gif.gif */,
				7654CF711C20FFE30072C3B5 /* pusheen_angry.jpg */,
				7654CF6F1C20FFD60072C3B5 /* fat_pusheen.gif */,
				769C86841C1FD15000B7EBD1 /* excellent_service.png */,
				769C86821C1FD14200B7EBD1 /* good_service.png */,
				769C86801C1FD13300B7EBD1 /* alright_service.png */,
				7633824D1C1E358200A8DE61 /* SettingsViewController.swift */,
				763382261C1E00E100A8DE61 /* Assets.xcassets */,
				769C867E1C1FCA2000B7EBD1 /* caticon.png */,
				763382281C1E00E100A8DE61 /* LaunchScreen.storyboard */,
				7633822B1C1E00E100A8DE61 /* Info.plist */,
				767257DF1C3084F200DFD865 /* TipCalculator-Bridging-Header.h */,
			);
			path = TipCalculator;
			sourceTree = "<group>";
		};
		763382331C1E00E200A8DE61 /* TipCalculatorTests */ = {
			isa = PBXGroup;
			children = (
				763382341C1E00E200A8DE61 /* TipCalculatorTests.swift */,
				763382361C1E00E200A8DE61 /* Info.plist */,
			);
			path = TipCalculatorTests;
			sourceTree = "<group>";
		};
		7633823E1C1E00E200A8DE61 /* TipCalculatorUITests */ = {
			isa = PBXGroup;
			children = (
				7633823F1C1E00E200A8DE61 /* TipCalculatorUITests.swift */,
				763382411C1E00E200A8DE61 /* Info.plist */,
			);
			path = TipCalculatorUITests;
			sourceTree = "<group>";
		};
		767257E31C3087AE00DFD865 /* Objective-C Files */ = {
			isa = PBXGroup;
			children = (
				767257E01C3084F200DFD865 /* AnimatedGIFImageSerialization.h */,
				767257E11C3084F200DFD865 /* AnimatedGIFImageSerialization.m */,
			);
			name = "Objective-C Files";
			sourceTree = "<group>";
		};
/* End PBXGroup section */

/* Begin PBXNativeTarget section */
		7633821B1C1E00E100A8DE61 /* TipCalculator */ = {
			isa = PBXNativeTarget;
			buildConfigurationList = 763382441C1E00E200A8DE61 /* Build configuration list for PBXNativeTarget "TipCalculator" */;
			buildPhases = (
				763382181C1E00E100A8DE61 /* Sources */,
				763382191C1E00E100A8DE61 /* Frameworks */,
				7633821A1C1E00E100A8DE61 /* Resources */,
			);
			buildRules = (
			);
			dependencies = (
			);
			name = TipCalculator;
			productName = TipCalculator;
			productReference = 7633821C1C1E00E100A8DE61 /* TipCalculator.app */;
			productType = "com.apple.product-type.application";
		};
		7633822F1C1E00E200A8DE61 /* TipCalculatorTests */ = {
			isa = PBXNativeTarget;
			buildConfigurationList = 763382471C1E00E200A8DE61 /* Build configuration list for PBXNativeTarget "TipCalculatorTests" */;
			buildPhases = (
				7633822C1C1E00E200A8DE61 /* Sources */,
				7633822D1C1E00E200A8DE61 /* Frameworks */,
				7633822E1C1E00E200A8DE61 /* Resources */,
			);
			buildRules = (
			);
			dependencies = (
				763382321C1E00E200A8DE61 /* PBXTargetDependency */,
			);
			name = TipCalculatorTests;
			productName = TipCalculatorTests;
			productReference = 763382301C1E00E200A8DE61 /* TipCalculatorTests.xctest */;
			productType = "com.apple.product-type.bundle.unit-test";
		};
		7633823A1C1E00E200A8DE61 /* TipCalculatorUITests */ = {
			isa = PBXNativeTarget;
			buildConfigurationList = 7633824A1C1E00E200A8DE61 /* Build configuration list for PBXNativeTarget "TipCalculatorUITests" */;
			buildPhases = (
				763382371C1E00E200A8DE61 /* Sources */,
				763382381C1E00E200A8DE61 /* Frameworks */,
				763382391C1E00E200A8DE61 /* Resources */,
			);
			buildRules = (
			);
			dependencies = (
				7633823D1C1E00E200A8DE61 /* PBXTargetDependency */,
			);
			name = TipCalculatorUITests;
			productName = TipCalculatorUITests;
			productReference = 7633823B1C1E00E200A8DE61 /* TipCalculatorUITests.xctest */;
			productType = "com.apple.product-type.bundle.ui-testing";
		};
/* End PBXNativeTarget section */

/* Begin PBXProject section */
		763382141C1E00E100A8DE61 /* Project object */ = {
			isa = PBXProject;
			attributes = {
				LastSwiftUpdateCheck = 0720;
				LastUpgradeCheck = 0720;
				ORGANIZATIONNAME = "Jennifer Kwan";
				TargetAttributes = {
					7633821B1C1E00E100A8DE61 = {
						CreatedOnToolsVersion = 7.2;
					};
					7633822F1C1E00E200A8DE61 = {
						CreatedOnToolsVersion = 7.2;
						TestTargetID = 7633821B1C1E00E100A8DE61;
					};
					7633823A1C1E00E200A8DE61 = {
						CreatedOnToolsVersion = 7.2;
						TestTargetID = 7633821B1C1E00E100A8DE61;
					};
				};
			};
			buildConfigurationList = 763382171C1E00E100A8DE61 /* Build configuration list for PBXProject "TipCalculator" */;
			compatibilityVersion = "Xcode 3.2";
			developmentRegion = English;
			hasScannedForEncodings = 0;
			knownRegions = (
				en,
				Base,
			);
			mainGroup = 763382131C1E00E100A8DE61;
			productRefGroup = 7633821D1C1E00E100A8DE61 /* Products */;
			projectDirPath = "";
			projectRoot = "";
			targets = (
				7633821B1C1E00E100A8DE61 /* TipCalculator */,
				7633822F1C1E00E200A8DE61 /* TipCalculatorTests */,
				7633823A1C1E00E200A8DE61 /* TipCalculatorUITests */,
			);
		};
/* End PBXProject section */

/* Begin PBXResourcesBuildPhase section */
		7633821A1C1E00E100A8DE61 /* Resources */ = {
			isa = PBXResourcesBuildPhase;
			buildActionMask = 2147483647;
			files = (
				769C86831C1FD14200B7EBD1 /* good_service.png in Resources */,
				769C86851C1FD15000B7EBD1 /* excellent_service.png in Resources */,
				7654CF761C21005E0072C3B5 /* Pusheen_content_gif.gif in Resources */,
				7654CF721C20FFE30072C3B5 /* pusheen_angry.jpg in Resources */,
				7633822A1C1E00E100A8DE61 /* LaunchScreen.storyboard in Resources */,
				7654CF781C21006B0072C3B5 /* pusheen_happy.jpg in Resources */,
				769C86811C1FD13300B7EBD1 /* alright_service.png in Resources */,
				763382271C1E00E100A8DE61 /* Assets.xcassets in Resources */,
				7654CF701C20FFD60072C3B5 /* fat_pusheen.gif in Resources */,
				763382251C1E00E100A8DE61 /* Main.storyboard in Resources */,
				7654CF741C20FFEB0072C3B5 /* pusheen_angry_gif.gif in Resources */,
				7654CF7A1C2100730072C3B5 /* pusheen_happy_gif.gif in Resources */,
				769C867F1C1FCA2000B7EBD1 /* caticon.png in Resources */,
			);
			runOnlyForDeploymentPostprocessing = 0;
		};
		7633822E1C1E00E200A8DE61 /* Resources */ = {
			isa = PBXResourcesBuildPhase;
			buildActionMask = 2147483647;
			files = (
			);
			runOnlyForDeploymentPostprocessing = 0;
		};
		763382391C1E00E200A8DE61 /* Resources */ = {
			isa = PBXResourcesBuildPhase;
			buildActionMask = 2147483647;
			files = (
			);
			runOnlyForDeploymentPostprocessing = 0;
		};
/* End PBXResourcesBuildPhase section */

/* Begin PBXSourcesBuildPhase section */
		763382181C1E00E100A8DE61 /* Sources */ = {
			isa = PBXSourcesBuildPhase;
			buildActionMask = 2147483647;
			files = (
				767257E21C3084F200DFD865 /* AnimatedGIFImageSerialization.m in Sources */,
				763382221C1E00E100A8DE61 /* ViewController.swift in Sources */,
				763382201C1E00E100A8DE61 /* AppDelegate.swift in Sources */,
				7633824E1C1E358200A8DE61 /* SettingsViewController.swift in Sources */,
			);
			runOnlyForDeploymentPostprocessing = 0;
		};
		7633822C1C1E00E200A8DE61 /* Sources */ = {
			isa = PBXSourcesBuildPhase;
			buildActionMask = 2147483647;
			files = (
				763382351C1E00E200A8DE61 /* TipCalculatorTests.swift in Sources */,
			);
			runOnlyForDeploymentPostprocessing = 0;
		};
		763382371C1E00E200A8DE61 /* Sources */ = {
			isa = PBXSourcesBuildPhase;
			buildActionMask = 2147483647;
			files = (
				763382401C1E00E200A8DE61 /* TipCalculatorUITests.swift in Sources */,
			);
			runOnlyForDeploymentPostprocessing = 0;
		};
/* End PBXSourcesBuildPhase section */

/* Begin PBXTargetDependency section */
		763382321C1E00E200A8DE61 /* PBXTargetDependency */ = {
			isa = PBXTargetDependency;
			target = 7633821B1C1E00E100A8DE61 /* TipCalculator */;
			targetProxy = 763382311C1E00E200A8DE61 /* PBXContainerItemProxy */;
		};
		7633823D1C1E00E200A8DE61 /* PBXTargetDependency */ = {
			isa = PBXTargetDependency;
			target = 7633821B1C1E00E100A8DE61 /* TipCalculator */;
			targetProxy = 7633823C1C1E00E200A8DE61 /* PBXContainerItemProxy */;
		};
/* End PBXTargetDependency section */

/* Begin PBXVariantGroup section */
		763382231C1E00E100A8DE61 /* Main.storyboard */ = {
			isa = PBXVariantGroup;
			children = (
				763382241C1E00E100A8DE61 /* Base */,
			);
			name = Main.storyboard;
			sourceTree = "<group>";
		};
		763382281C1E00E100A8DE61 /* LaunchScreen.storyboard */ = {
			isa = PBXVariantGroup;
			children = (
				763382291C1E00E100A8DE61 /* Base */,
			);
			name = LaunchScreen.storyboard;
			sourceTree = "<group>";
		};
/* End PBXVariantGroup section */

/* Begin XCBuildConfiguration section */
		763382421C1E00E200A8DE61 /* Debug */ = {
			isa = XCBuildConfiguration;
			buildSettings = {
				ALWAYS_SEARCH_USER_PATHS = NO;
				CLANG_CXX_LANGUAGE_STANDARD = "gnu++0x";
				CLANG_CXX_LIBRARY = "libc++";
				CLANG_ENABLE_MODULES = YES;
				CLANG_ENABLE_OBJC_ARC = YES;
				CLANG_WARN_BOOL_CONVERSION = YES;
				CLANG_WARN_CONSTANT_CONVERSION = YES;
				CLANG_WARN_DIRECT_OBJC_ISA_USAGE = YES_ERROR;
				CLANG_WARN_EMPTY_BODY = YES;
				CLANG_WARN_ENUM_CONVERSION = YES;
				CLANG_WARN_INT_CONVERSION = YES;
				CLANG_WARN_OBJC_ROOT_CLASS = YES_ERROR;
				CLANG_WARN_UNREACHABLE_CODE = YES;
				CLANG_WARN__DUPLICATE_METHOD_MATCH = YES;
				"CODE_SIGN_IDENTITY[sdk=iphoneos*]" = "iPhone Developer";
				COPY_PHASE_STRIP = NO;
				DEBUG_INFORMATION_FORMAT = dwarf;
				ENABLE_STRICT_OBJC_MSGSEND = YES;
				ENABLE_TESTABILITY = YES;
				GCC_C_LANGUAGE_STANDARD = gnu99;
				GCC_DYNAMIC_NO_PIC = NO;
				GCC_NO_COMMON_BLOCKS = YES;
				GCC_OPTIMIZATION_LEVEL = 0;
				GCC_PREPROCESSOR_DEFINITIONS = (
					"DEBUG=1",
					"$(inherited)",
				);
				GCC_WARN_64_TO_32_BIT_CONVERSION = YES;
				GCC_WARN_ABOUT_RETURN_TYPE = YES_ERROR;
				GCC_WARN_UNDECLARED_SELECTOR = YES;
				GCC_WARN_UNINITIALIZED_AUTOS = YES_AGGRESSIVE;
				GCC_WARN_UNUSED_FUNCTION = YES;
				GCC_WARN_UNUSED_VARIABLE = YES;
				IPHONEOS_DEPLOYMENT_TARGET = 9.2;
				MTL_ENABLE_DEBUG_INFO = YES;
				ONLY_ACTIVE_ARCH = YES;
				SDKROOT = iphoneos;
				SWIFT_OPTIMIZATION_LEVEL = "-Onone";
				TARGETED_DEVICE_FAMILY = "1,2";
			};
			name = Debug;
		};
		763382431C1E00E200A8DE61 /* Release */ = {
			isa = XCBuildConfiguration;
			buildSettings = {
				ALWAYS_SEARCH_USER_PATHS = NO;
				CLANG_CXX_LANGUAGE_STANDARD = "gnu++0x";
				CLANG_CXX_LIBRARY = "libc++";
				CLANG_ENABLE_MODULES = YES;
				CLANG_ENABLE_OBJC_ARC = YES;
				CLANG_WARN_BOOL_CONVERSION = YES;
				CLANG_WARN_CONSTANT_CONVERSION = YES;
				CLANG_WARN_DIRECT_OBJC_ISA_USAGE = YES_ERROR;
				CLANG_WARN_EMPTY_BODY = YES;
				CLANG_WARN_ENUM_CONVERSION = YES;
				CLANG_WARN_INT_CONVERSION = YES;
				CLANG_WARN_OBJC_ROOT_CLASS = YES_ERROR;
				CLANG_WARN_UNREACHABLE_CODE = YES;
				CLANG_WARN__DUPLICATE_METHOD_MATCH = YES;
				"CODE_SIGN_IDENTITY[sdk=iphoneos*]" = "iPhone Developer";
				COPY_PHASE_STRIP = NO;
				DEBUG_INFORMATION_FORMAT = "dwarf-with-dsym";
				ENABLE_NS_ASSERTIONS = NO;
				ENABLE_STRICT_OBJC_MSGSEND = YES;
				GCC_C_LANGUAGE_STANDARD = gnu99;
				GCC_NO_COMMON_BLOCKS = YES;
				GCC_WARN_64_TO_32_BIT_CONVERSION = YES;
				GCC_WARN_ABOUT_RETURN_TYPE = YES_ERROR;
				GCC_WARN_UNDECLARED_SELECTOR = YES;
				GCC_WARN_UNINITIALIZED_AUTOS = YES_AGGRESSIVE;
				GCC_WARN_UNUSED_FUNCTION = YES;
				GCC_WARN_UNUSED_VARIABLE = YES;
				IPHONEOS_DEPLOYMENT_TARGET = 9.2;
				MTL_ENABLE_DEBUG_INFO = NO;
				SDKROOT = iphoneos;
				TARGETED_DEVICE_FAMILY = "1,2";
				VALIDATE_PRODUCT = YES;
			};
			name = Release;
		};
		763382451C1E00E200A8DE61 /* Debug */ = {
			isa = XCBuildConfiguration;
			buildSettings = {
				ASSETCATALOG_COMPILER_APPICON_NAME = AppIcon;
				CLANG_ENABLE_MODULES = YES;
				INFOPLIST_FILE = TipCalculator/Info.plist;
				IPHONEOS_DEPLOYMENT_TARGET = 9.2;
				LD_RUNPATH_SEARCH_PATHS = "$(inherited) @executable_path/Frameworks";
				PRODUCT_BUNDLE_IDENTIFIER = CodePath.TipCalculator;
				PRODUCT_NAME = "$(TARGET_NAME)";
				SWIFT_OBJC_BRIDGING_HEADER = "TipCalculator/TipCalculator-Bridging-Header.h";
				SWIFT_OPTIMIZATION_LEVEL = "-Onone";
				TARGETED_DEVICE_FAMILY = 1;
			};
			name = Debug;
		};
		763382461C1E00E200A8DE61 /* Release */ = {
			isa = XCBuildConfiguration;
			buildSettings = {
				ASSETCATALOG_COMPILER_APPICON_NAME = AppIcon;
				CLANG_ENABLE_MODULES = YES;
				INFOPLIST_FILE = TipCalculator/Info.plist;
				IPHONEOS_DEPLOYMENT_TARGET = 9.2;
				LD_RUNPATH_SEARCH_PATHS = "$(inherited) @executable_path/Frameworks";
				PRODUCT_BUNDLE_IDENTIFIER = CodePath.TipCalculator;
				PRODUCT_NAME = "$(TARGET_NAME)";
				SWIFT_OBJC_BRIDGING_HEADER = "TipCalculator/TipCalculator-Bridging-Header.h";
				TARGETED_DEVICE_FAMILY = 1;
			};
			name = Release;
		};
		763382481C1E00E200A8DE61 /* Debug */ = {
			isa = XCBuildConfiguration;
			buildSettings = {
				BUNDLE_LOADER = "$(TEST_HOST)";
				INFOPLIST_FILE = TipCalculatorTests/Info.plist;
				LD_RUNPATH_SEARCH_PATHS = "$(inherited) @executable_path/Frameworks @loader_path/Frameworks";
				PRODUCT_BUNDLE_IDENTIFIER = CodePath.TipCalculatorTests;
				PRODUCT_NAME = "$(TARGET_NAME)";
				TEST_HOST = "$(BUILT_PRODUCTS_DIR)/TipCalculator.app/TipCalculator";
			};
			name = Debug;
		};
		763382491C1E00E200A8DE61 /* Release */ = {
			isa = XCBuildConfiguration;
			buildSettings = {
				BUNDLE_LOADER = "$(TEST_HOST)";
				INFOPLIST_FILE = TipCalculatorTests/Info.plist;
				LD_RUNPATH_SEARCH_PATHS = "$(inherited) @executable_path/Frameworks @loader_path/Frameworks";
				PRODUCT_BUNDLE_IDENTIFIER = CodePath.TipCalculatorTests;
				PRODUCT_NAME = "$(TARGET_NAME)";
				TEST_HOST = "$(BUILT_PRODUCTS_DIR)/TipCalculator.app/TipCalculator";
			};
			name = Release;
		};
		7633824B1C1E00E200A8DE61 /* Debug */ = {
			isa = XCBuildConfiguration;
			buildSettings = {
				INFOPLIST_FILE = TipCalculatorUITests/Info.plist;
				LD_RUNPATH_SEARCH_PATHS = "$(inherited) @executable_path/Frameworks @loader_path/Frameworks";
				PRODUCT_BUNDLE_IDENTIFIER = CodePath.TipCalculatorUITests;
				PRODUCT_NAME = "$(TARGET_NAME)";
				TEST_TARGET_NAME = TipCalculator;
				USES_XCTRUNNER = YES;
			};
			name = Debug;
		};
		7633824C1C1E00E200A8DE61 /* Release */ = {
			isa = XCBuildConfiguration;
			buildSettings = {
				INFOPLIST_FILE = TipCalculatorUITests/Info.plist;
				LD_RUNPATH_SEARCH_PATHS = "$(inherited) @executable_path/Frameworks @loader_path/Frameworks";
				PRODUCT_BUNDLE_IDENTIFIER = CodePath.TipCalculatorUITests;
				PRODUCT_NAME = "$(TARGET_NAME)";
				TEST_TARGET_NAME = TipCalculator;
				USES_XCTRUNNER = YES;
			};
			name = Release;
		};
/* End XCBuildConfiguration section */

/* Begin XCConfigurationList section */
		763382171C1E00E100A8DE61 /* Build configuration list for PBXProject "TipCalculator" */ = {
			isa = XCConfigurationList;
			buildConfigurations = (
				763382421C1E00E200A8DE61 /* Debug */,
				763382431C1E00E200A8DE61 /* Release */,
			);
			defaultConfigurationIsVisible = 0;
			defaultConfigurationName = Release;
		};
		763382441C1E00E200A8DE61 /* Build configuration list for PBXNativeTarget "TipCalculator" */ = {
			isa = XCConfigurationList;
			buildConfigurations = (
				763382451C1E00E200A8DE61 /* Debug */,
				763382461C1E00E200A8DE61 /* Release */,
			);
			defaultConfigurationIsVisible = 0;
			defaultConfigurationName = Release;
		};
		763382471C1E00E200A8DE61 /* Build configuration list for PBXNativeTarget "TipCalculatorTests" */ = {
			isa = XCConfigurationList;
			buildConfigurations = (
				763382481C1E00E200A8DE61 /* Debug */,
				763382491C1E00E200A8DE61 /* Release */,
			);
			defaultConfigurationIsVisible = 0;
			defaultConfigurationName = Release;
		};
		7633824A1C1E00E200A8DE61 /* Build configuration list for PBXNativeTarget "TipCalculatorUITests" */ = {
			isa = XCConfigurationList;
			buildConfigurations = (
				7633824B1C1E00E200A8DE61 /* Debug */,
				7633824C1C1E00E200A8DE61 /* Release */,
			);
			defaultConfigurationIsVisible = 0;
			defaultConfigurationName = Release;
		};
/* End XCConfigurationList section */
	};
	rootObject = 763382141C1E00E100A8DE61 /* Project object */;
}
